
Microsoft Visual Studio Solution File, Format Version 12.00
# Visual Studio Version 16
VisualStudioVersion = 16.0.30523.141
MinimumVisualStudioVersion = 10.0.40219.1
Project("{FAE04EC0-301F-11D3-BF4B-00C04F79EFBC}") = "Pasjans", "Pasjans\Pasjans.csproj", "{05619528-9B2A-46D1-B534-8B64BEF5EABB}"
EndProject
Project("{FAE04EC0-301F-11D3-BF4B-00C04F79EFBC}") = "NUnitTest", "NUnitTest\NUnitTest.csproj", "{D6A62F08-AFD3-42A9-AD97-588AFBDA7D2C}"
EndProject
Global
	GlobalSection(SolutionConfigurationPlatforms) = preSolution
		Debug|Any CPU = Debug|Any CPU
		Release|Any CPU = Release|Any CPU
	EndGlobalSection
	GlobalSection(ProjectConfigurationPlatforms) = postSolution
		{05619528-9B2A-46D1-B534-8B64BEF5EABB}.Debug|Any CPU.ActiveCfg = Debug|Any CPU
		{05619528-9B2A-46D1-B534-8B64BEF5EABB}.Debug|Any CPU.Build.0 = Debug|Any CPU
		{05619528-9B2A-46D1-B534-8B64BEF5EABB}.Release|Any CPU.ActiveCfg = Release|Any CPU
		{05619528-9B2A-46D1-B534-8B64BEF5EABB}.Release|Any CPU.Build.0 = Release|Any CPU
		{D6A62F08-AFD3-42A9-AD97-588AFBDA7D2C}.Debug|Any CPU.ActiveCfg = Debug|Any CPU
		{D6A62F08-AFD3-42A9-AD97-588AFBDA7D2C}.Debug|Any CPU.Build.0 = Debug|Any CPU
		{D6A62F08-AFD3-42A9-AD97-588AFBDA7D2C}.Release|Any CPU.ActiveCfg = Release|Any CPU
		{D6A62F08-AFD3-42A9-AD97-588AFBDA7D2C}.Release|Any CPU.Build.0 = Release|Any CPU
	EndGlobalSection
	GlobalSection(SolutionProperties) = preSolution
		HideSolutionNode = FALSE
	EndGlobalSection
	GlobalSection(ExtensibilityGlobals) = postSolution
		SolutionGuid = {3A16D223-200D-4568-92B9-597D49C220DD}
	EndGlobalSection
EndGlobal
